// !$*UTF8*$!
{
	archiveVersion = 1;
	classes = {
	};
	objectVersion = 46;
	objects = {

/* Begin PBXBuildFile section */
		50243A661C683BEF000AF8DF /* AppDelegate.swift in Sources */ = {isa = PBXBuildFile; fileRef = 50243A651C683BEF000AF8DF /* AppDelegate.swift */; };
		50243A6B1C683BEF000AF8DF /* Main.storyboard in Resources */ = {isa = PBXBuildFile; fileRef = 50243A691C683BEF000AF8DF /* Main.storyboard */; };
		50243A6D1C683BEF000AF8DF /* Assets.xcassets in Resources */ = {isa = PBXBuildFile; fileRef = 50243A6C1C683BEF000AF8DF /* Assets.xcassets */; };
		50243A701C683BEF000AF8DF /* LaunchScreen.storyboard in Resources */ = {isa = PBXBuildFile; fileRef = 50243A6E1C683BEF000AF8DF /* LaunchScreen.storyboard */; };
		507BA6861C72C5DD0084D697 /* MapKit.framework in Frameworks */ = {isa = PBXBuildFile; fileRef = 507BA6851C72C5DD0084D697 /* MapKit.framework */; };
		507BA6881C72D5CC0084D697 /* MapViewController.swift in Sources */ = {isa = PBXBuildFile; fileRef = 507BA6871C72D5CC0084D697 /* MapViewController.swift */; };
		50C51F6B1C69888C00E539B3 /* ConversionViewController.swift in Sources */ = {isa = PBXBuildFile; fileRef = 50C51F6A1C69888C00E539B3 /* ConversionViewController.swift */; };
/* End PBXBuildFile section */

/* Begin PBXFileReference section */
		50243A621C683BEF000AF8DF /* WorldTrotter.app */ = {isa = PBXFileReference; explicitFileType = wrapper.application; includeInIndex = 0; path = WorldTrotter.app; sourceTree = BUILT_PRODUCTS_DIR; };
		50243A651C683BEF000AF8DF /* AppDelegate.swift */ = {isa = PBXFileReference; lastKnownFileType = sourcecode.swift; path = AppDelegate.swift; sourceTree = "<group>"; };
		50243A6A1C683BEF000AF8DF /* Base */ = {isa = PBXFileReference; lastKnownFileType = file.storyboard; name = Base; path = Base.lproj/Main.storyboard; sourceTree = "<group>"; };
		50243A6C1C683BEF000AF8DF /* Assets.xcassets */ = {isa = PBXFileReference; lastKnownFileType = folder.assetcatalog; path = Assets.xcassets; sourceTree = "<group>"; };
		50243A6F1C683BEF000AF8DF /* Base */ = {isa = PBXFileReference; lastKnownFileType = file.storyboard; name = Base; path = Base.lproj/LaunchScreen.storyboard; sourceTree = "<group>"; };
		50243A711C683BEF000AF8DF /* Info.plist */ = {isa = PBXFileReference; lastKnownFileType = text.plist.xml; path = Info.plist; sourceTree = "<group>"; };
		507BA6851C72C5DD0084D697 /* MapKit.framework */ = {isa = PBXFileReference; lastKnownFileType = wrapper.framework; name = MapKit.framework; path = System/Library/Frameworks/MapKit.framework; sourceTree = SDKROOT; };
		507BA6871C72D5CC0084D697 /* MapViewController.swift */ = {isa = PBXFileReference; fileEncoding = 4; lastKnownFileType = sourcecode.swift; path = MapViewController.swift; sourceTree = "<group>"; };
		50C51F6A1C69888C00E539B3 /* ConversionViewController.swift */ = {isa = PBXFileReference; fileEncoding = 4; lastKnownFileType = sourcecode.swift; path = ConversionViewController.swift; sourceTree = "<group>"; };
/* End PBXFileReference section */

/* Begin PBXFrameworksBuildPhase section */
		50243A5F1C683BEF000AF8DF /* Frameworks */ = {
			isa = PBXFrameworksBuildPhase;
			buildActionMask = 2147483647;
			files = (
				507BA6861C72C5DD0084D697 /* MapKit.framework in Frameworks */,
			);
			runOnlyForDeploymentPostprocessing = 0;
		};
/* End PBXFrameworksBuildPhase section */

/* Begin PBXGroup section */
		50243A591C683BEF000AF8DF = {
			isa = PBXGroup;
			children = (
				507BA6851C72C5DD0084D697 /* MapKit.framework */,
				50243A641C683BEF000AF8DF /* WorldTrotter */,
				50243A631C683BEF000AF8DF /* Products */,
			);
			sourceTree = "<group>";
		};
		50243A631C683BEF000AF8DF /* Products */ = {
			isa = PBXGroup;
			children = (
				50243A621C683BEF000AF8DF /* WorldTrotter.app */,
			);
			name = Products;
			sourceTree = "<group>";
		};
		50243A641C683BEF000AF8DF /* WorldTrotter */ = {
			isa = PBXGroup;
			children = (
				50243A651C683BEF000AF8DF /* AppDelegate.swift */,
				50C51F6A1C69888C00E539B3 /* ConversionViewController.swift */,
				50243A691C683BEF000AF8DF /* Main.storyboard */,
				507BA6871C72D5CC0084D697 /* MapViewController.swift */,
				50243A6C1C683BEF000AF8DF /* Assets.xcassets */,
				50243A6E1C683BEF000AF8DF /* LaunchScreen.storyboard */,
				50243A711C683BEF000AF8DF /* Info.plist */,
			);
			path = WorldTrotter;
			sourceTree = "<group>";
		};
/* End PBXGroup section */

/* Begin PBXNativeTarget section */
		50243A611C683BEF000AF8DF /* WorldTrotter */ = {
			isa = PBXNativeTarget;
			buildConfigurationList = 50243A741C683BEF000AF8DF /* Build configuration list for PBXNativeTarget "WorldTrotter" */;
			buildPhases = (
				50243A5E1C683BEF000AF8DF /* Sources */,
				50243A5F1C683BEF000AF8DF /* Frameworks */,
				50243A601C683BEF000AF8DF /* Resources */,
			);
			buildRules = (
			);
			dependencies = (
			);
			name = WorldTrotter;
			productName = WorldTrotter;
			productReference = 50243A621C683BEF000AF8DF /* WorldTrotter.app */;
			productType = "com.apple.product-type.application";
		};
/* End PBXNativeTarget section */

/* Begin PBXProject section */
		50243A5A1C683BEF000AF8DF /* Project object */ = {
			isa = PBXProject;
			attributes = {
				LastSwiftUpdateCheck = 0720;
				LastUpgradeCheck = 0720;
				ORGANIZATIONNAME = nyu.edu;
				TargetAttributes = {
					50243A611C683BEF000AF8DF = {
						CreatedOnToolsVersion = 7.2;
					};
				};
			};
			buildConfigurationList = 50243A5D1C683BEF000AF8DF /* Build configuration list for PBXProject "WorldTrotter" */;
			compatibilityVersion = "Xcode 3.2";
			developmentRegion = English;
			hasScannedForEncodings = 0;
			knownRegions = (
				en,
				Base,
			);
			mainGroup = 50243A591C683BEF000AF8DF;
			productRefGroup = 50243A631C683BEF000AF8DF /* Products */;
			projectDirPath = "";
			projectRoot = "";
			targets = (
				50243A611C683BEF000AF8DF /* WorldTrotter */,
			);
		};
/* End PBXProject section */

/* Begin PBXResourcesBuildPhase section */
		50243A601C683BEF000AF8DF /* Resources */ = {
			isa = PBXResourcesBuildPhase;
			buildActionMask = 2147483647;
			files = (
				50243A701C683BEF000AF8DF /* LaunchScreen.storyboard in Resources */,
				50243A6D1C683BEF000AF8DF /* Assets.xcassets in Resources */,
				50243A6B1C683BEF000AF8DF /* Main.storyboard in Resources */,
			);
			runOnlyForDeploymentPostprocessing = 0;
		};
/* End PBXResourcesBuildPhase section */

/* Begin PBXSourcesBuildPhase section */
		50243A5E1C683BEF000AF8DF /* Sources */ = {
			isa = PBXSourcesBuildPhase;
			buildActionMask = 2147483647;
			files = (
				50C51F6B1C69888C00E539B3 /* ConversionViewController.swift in Sources */,
				507BA6881C72D5CC0084D697 /* MapViewController.swift in Sources */,
				50243A661C683BEF000AF8DF /* AppDelegate.swift in Sources */,
			);
			runOnlyForDeploymentPostprocessing = 0;
		};
/* End PBXSourcesBuildPhase section */

/* Begin PBXVariantGroup section */
		50243A691C683BEF000AF8DF /* Main.storyboard */ = {
			isa = PBXVariantGroup;
			children = (
				50243A6A1C683BEF000AF8DF /* Base */,
			);
			name = Main.storyboard;
			sourceTree = "<group>";
		};
		50243A6E1C683BEF000AF8DF /* LaunchScreen.storyboard */ = {
			isa = PBXVariantGroup;
			children = (
				50243A6F1C683BEF000AF8DF /* Base */,
			);
			name = LaunchScreen.storyboard;
			sourceTree = "<group>";
		};
/* End PBXVariantGroup section */

/* Begin XCBuildConfiguration section */
		50243A721C683BEF000AF8DF /* Debug */ = {
			isa = XCBuildConfiguration;
			buildSettings = {
				ALWAYS_SEARCH_USER_PATHS = NO;
				CLANG_CXX_LANGUAGE_STANDARD = "gnu++0x";
				CLANG_CXX_LIBRARY = "libc++";
				CLANG_ENABLE_MODULES = YES;
				CLANG_ENABLE_OBJC_ARC = YES;
				CLANG_WARN_BOOL_CONVERSION = YES;
				CLANG_WARN_CONSTANT_CONVERSION = YES;
				CLANG_WARN_DIRECT_OBJC_ISA_USAGE = YES_ERROR;
				CLANG_WARN_EMPTY_BODY = YES;
				CLANG_WARN_ENUM_CONVERSION = YES;
				CLANG_WARN_INT_CONVERSION = YES;
				CLANG_WARN_OBJC_ROOT_CLASS = YES_ERROR;
				CLANG_WARN_UNREACHABLE_CODE = YES;
				CLANG_WARN__DUPLICATE_METHOD_MATCH = YES;
				"CODE_SIGN_IDENTITY[sdk=iphoneos*]" = "iPhone Developer";
				COPY_PHASE_STRIP = NO;
				DEBUG_INFORMATION_FORMAT = dwarf;
				ENABLE_STRICT_OBJC_MSGSEND = YES;
				ENABLE_TESTABILITY = YES;
				GCC_C_LANGUAGE_STANDARD = gnu99;
				GCC_DYNAMIC_NO_PIC = NO;
				GCC_NO_COMMON_BLOCKS = YES;
				GCC_OPTIMIZATION_LEVEL = 0;
				GCC_PREPROCESSOR_DEFINITIONS = (
					"DEBUG=1",
					"$(inherited)",
				);
				GCC_WARN_64_TO_32_BIT_CONVERSION = YES;
				GCC_WARN_ABOUT_RETURN_TYPE = YES_ERROR;
				GCC_WARN_UNDECLARED_SELECTOR = YES;
				GCC_WARN_UNINITIALIZED_AUTOS = YES_AGGRESSIVE;
				GCC_WARN_UNUSED_FUNCTION = YES;
				GCC_WARN_UNUSED_VARIABLE = YES;
				IPHONEOS_DEPLOYMENT_TARGET = 9.2;
				MTL_ENABLE_DEBUG_INFO = YES;
				ONLY_ACTIVE_ARCH = YES;
				SDKROOT = iphoneos;
				SWIFT_OPTIMIZATION_LEVEL = "-Onone";
			};
			name = Debug;
		};
		50243A731C683BEF000AF8DF /* Release */ = {
			isa = XCBuildConfiguration;
			buildSettings = {
				ALWAYS_SEARCH_USER_PATHS = NO;
				CLANG_CXX_LANGUAGE_STANDARD = "gnu++0x";
				CLANG_CXX_LIBRARY = "libc++";
				CLANG_ENABLE_MODULES = YES;
				CLANG_ENABLE_OBJC_ARC = YES;
				CLANG_WARN_BOOL_CONVERSION = YES;
				CLANG_WARN_CONSTANT_CONVERSION = YES;
				CLANG_WARN_DIRECT_OBJC_ISA_USAGE = YES_ERROR;
				CLANG_WARN_EMPTY_BODY = YES;
				CLANG_WARN_ENUM_CONVERSION = YES;
				CLANG_WARN_INT_CONVERSION = YES;
				CLANG_WARN_OBJC_ROOT_CLASS = YES_ERROR;
				CLANG_WARN_UNREACHABLE_CODE = YES;
				CLANG_WARN__DUPLICATE_METHOD_MATCH = YES;
				"CODE_SIGN_IDENTITY[sdk=iphoneos*]" = "iPhone Developer";
				COPY_PHASE_STRIP = NO;
				DEBUG_INFORMATION_FORMAT = "dwarf-with-dsym";
				ENABLE_NS_ASSERTIONS = NO;
				ENABLE_STRICT_OBJC_MSGSEND = YES;
				GCC_C_LANGUAGE_STANDARD = gnu99;
				GCC_NO_COMMON_BLOCKS = YES;
				GCC_WARN_64_TO_32_BIT_CONVERSION = YES;
				GCC_WARN_ABOUT_RETURN_TYPE = YES_ERROR;
				GCC_WARN_UNDECLARED_SELECTOR = YES;
				GCC_WARN_UNINITIALIZED_AUTOS = YES_AGGRESSIVE;
				GCC_WARN_UNUSED_FUNCTION = YES;
				GCC_WARN_UNUSED_VARIABLE = YES;
				IPHONEOS_DEPLOYMENT_TARGET = 9.2;
				MTL_ENABLE_DEBUG_INFO = NO;
				SDKROOT = iphoneos;
				VALIDATE_PRODUCT = YES;
			};
			name = Release;
		};
		50243A751C683BEF000AF8DF /* Debug */ = {
			isa = XCBuildConfiguration;
			buildSettings = {
				ASSETCATALOG_COMPILER_APPICON_NAME = AppIcon;
				INFOPLIST_FILE = WorldTrotter/Info.plist;
				LD_RUNPATH_SEARCH_PATHS = "$(inherited) @executable_path/Frameworks";
				PRODUCT_BUNDLE_IDENTIFIER = com.test.WorldTrotter;
				PRODUCT_NAME = "$(TARGET_NAME)";
			};
			name = Debug;
		};
		50243A761C683BEF000AF8DF /* Release */ = {
			isa = XCBuildConfiguration;
			buildSettings = {
				ASSETCATALOG_COMPILER_APPICON_NAME = AppIcon;
				INFOPLIST_FILE = WorldTrotter/Info.plist;
				LD_RUNPATH_SEARCH_PATHS = "$(inherited) @executable_path/Frameworks";
				PRODUCT_BUNDLE_IDENTIFIER = com.test.WorldTrotter;
				PRODUCT_NAME = "$(TARGET_NAME)";
			};
			name = Release;
		};
/* End XCBuildConfiguration section */

/* Begin XCConfigurationList section */
		50243A5D1C683BEF000AF8DF /* Build configuration list for PBXProject "WorldTrotter" */ = {
			isa = XCConfigurationList;
			buildConfigurations = (
				50243A721C683BEF000AF8DF /* Debug */,
				50243A731C683BEF000AF8DF /* Release */,
			);
			defaultConfigurationIsVisible = 0;
			defaultConfigurationName = Release;
		};
		50243A741C683BEF000AF8DF /* Build configuration list for PBXNativeTarget "WorldTrotter" */ = {
			isa = XCConfigurationList;
			buildConfigurations = (
				50243A751C683BEF000AF8DF /* Debug */,
				50243A761C683BEF000AF8DF /* Release */,
			);
			defaultConfigurationIsVisible = 0;
			defaultConfigurationName = Release;
		};
/* End XCConfigurationList section */
	};
	rootObject = 50243A5A1C683BEF000AF8DF /* Project object */;
}
