// !$*UTF8*$!
{
	archiveVersion = 1;
	classes = {
	};
	objectVersion = 46;
	objects = {

/* Begin PBXBuildFile section */
		500877F21CD7924200C5F8A5 /* User.swift in Sources */ = {isa = PBXBuildFile; fileRef = 500877F11CD7924100C5F8A5 /* User.swift */; };
		501EA0DB1CD2CF3800942251 /* DetailTransactionViewController.swift in Sources */ = {isa = PBXBuildFile; fileRef = 501EA0DA1CD2CF3700942251 /* DetailTransactionViewController.swift */; };
		502AB52E1CBC6C580022173B /* AppDelegate.swift in Sources */ = {isa = PBXBuildFile; fileRef = 502AB52D1CBC6C580022173B /* AppDelegate.swift */; };
		502AB5301CBC6C580022173B /* GroupViewController.swift in Sources */ = {isa = PBXBuildFile; fileRef = 502AB52F1CBC6C580022173B /* GroupViewController.swift */; };
		502AB5331CBC6C580022173B /* Main.storyboard in Resources */ = {isa = PBXBuildFile; fileRef = 502AB5311CBC6C580022173B /* Main.storyboard */; };
		502AB5351CBC6C580022173B /* Assets.xcassets in Resources */ = {isa = PBXBuildFile; fileRef = 502AB5341CBC6C580022173B /* Assets.xcassets */; };
		502AB5381CBC6C580022173B /* LaunchScreen.storyboard in Resources */ = {isa = PBXBuildFile; fileRef = 502AB5361CBC6C580022173B /* LaunchScreen.storyboard */; };
		503423B01CC6F1B6002D4101 /* NewBillViewController.swift in Sources */ = {isa = PBXBuildFile; fileRef = 503423AF1CC6F1B6002D4101 /* NewBillViewController.swift */; };
		504A29D61CD7DD2F00BF7720 /* UserStore.swift in Sources */ = {isa = PBXBuildFile; fileRef = 504A29D51CD7DD2F00BF7720 /* UserStore.swift */; };
		504A29D81CD7FD1F00BF7720 /* AddUserViewController.swift in Sources */ = {isa = PBXBuildFile; fileRef = 504A29D71CD7FD1E00BF7720 /* AddUserViewController.swift */; };
		504A29DA1CD7FD5600BF7720 /* GetDataDelegate.swift in Sources */ = {isa = PBXBuildFile; fileRef = 504A29D91CD7FD5600BF7720 /* GetDataDelegate.swift */; };
		50E2D28B1CCFD6A300EA7559 /* TransactionsListViewController.swift in Sources */ = {isa = PBXBuildFile; fileRef = 50E2D28A1CCFD6A300EA7559 /* TransactionsListViewController.swift */; };
		50E2D28D1CCFDA3400EA7559 /* Transaction.swift in Sources */ = {isa = PBXBuildFile; fileRef = 50E2D28C1CCFDA3400EA7559 /* Transaction.swift */; };
		50E2D28F1CCFE05F00EA7559 /* TransactionsStore.swift in Sources */ = {isa = PBXBuildFile; fileRef = 50E2D28E1CCFE05F00EA7559 /* TransactionsStore.swift */; };
		50E2D2911CD00AE900EA7559 /* TransactionCell.swift in Sources */ = {isa = PBXBuildFile; fileRef = 50E2D2901CD00AE900EA7559 /* TransactionCell.swift */; };
/* End PBXBuildFile section */

/* Begin PBXFileReference section */
		500877F11CD7924100C5F8A5 /* User.swift */ = {isa = PBXFileReference; fileEncoding = 4; lastKnownFileType = sourcecode.swift; path = User.swift; sourceTree = "<group>"; };
		501EA0DA1CD2CF3700942251 /* DetailTransactionViewController.swift */ = {isa = PBXFileReference; fileEncoding = 4; lastKnownFileType = sourcecode.swift; path = DetailTransactionViewController.swift; sourceTree = "<group>"; };
		502AB52A1CBC6C580022173B /* Paymint.app */ = {isa = PBXFileReference; explicitFileType = wrapper.application; includeInIndex = 0; path = Paymint.app; sourceTree = BUILT_PRODUCTS_DIR; };
		502AB52D1CBC6C580022173B /* AppDelegate.swift */ = {isa = PBXFileReference; lastKnownFileType = sourcecode.swift; path = AppDelegate.swift; sourceTree = "<group>"; };
		502AB52F1CBC6C580022173B /* GroupViewController.swift */ = {isa = PBXFileReference; lastKnownFileType = sourcecode.swift; path = GroupViewController.swift; sourceTree = "<group>"; };
		502AB5321CBC6C580022173B /* Base */ = {isa = PBXFileReference; lastKnownFileType = file.storyboard; name = Base; path = Base.lproj/Main.storyboard; sourceTree = "<group>"; };
		502AB5341CBC6C580022173B /* Assets.xcassets */ = {isa = PBXFileReference; lastKnownFileType = folder.assetcatalog; path = Assets.xcassets; sourceTree = "<group>"; };
		502AB5371CBC6C580022173B /* Base */ = {isa = PBXFileReference; lastKnownFileType = file.storyboard; name = Base; path = Base.lproj/LaunchScreen.storyboard; sourceTree = "<group>"; };
		502AB5391CBC6C580022173B /* Info.plist */ = {isa = PBXFileReference; lastKnownFileType = text.plist.xml; path = Info.plist; sourceTree = "<group>"; };
		503423AF1CC6F1B6002D4101 /* NewBillViewController.swift */ = {isa = PBXFileReference; fileEncoding = 4; lastKnownFileType = sourcecode.swift; path = NewBillViewController.swift; sourceTree = "<group>"; };
		504A29D51CD7DD2F00BF7720 /* UserStore.swift */ = {isa = PBXFileReference; fileEncoding = 4; lastKnownFileType = sourcecode.swift; path = UserStore.swift; sourceTree = "<group>"; };
		504A29D71CD7FD1E00BF7720 /* AddUserViewController.swift */ = {isa = PBXFileReference; fileEncoding = 4; lastKnownFileType = sourcecode.swift; path = AddUserViewController.swift; sourceTree = "<group>"; };
		504A29D91CD7FD5600BF7720 /* GetDataDelegate.swift */ = {isa = PBXFileReference; fileEncoding = 4; lastKnownFileType = sourcecode.swift; path = GetDataDelegate.swift; sourceTree = "<group>"; };
		50E2D28A1CCFD6A300EA7559 /* TransactionsListViewController.swift */ = {isa = PBXFileReference; fileEncoding = 4; lastKnownFileType = sourcecode.swift; path = TransactionsListViewController.swift; sourceTree = "<group>"; };
		50E2D28C1CCFDA3400EA7559 /* Transaction.swift */ = {isa = PBXFileReference; fileEncoding = 4; lastKnownFileType = sourcecode.swift; path = Transaction.swift; sourceTree = "<group>"; };
		50E2D28E1CCFE05F00EA7559 /* TransactionsStore.swift */ = {isa = PBXFileReference; fileEncoding = 4; lastKnownFileType = sourcecode.swift; path = TransactionsStore.swift; sourceTree = "<group>"; };
		50E2D2901CD00AE900EA7559 /* TransactionCell.swift */ = {isa = PBXFileReference; fileEncoding = 4; lastKnownFileType = sourcecode.swift; path = TransactionCell.swift; sourceTree = "<group>"; };
/* End PBXFileReference section */

/* Begin PBXFrameworksBuildPhase section */
		502AB5271CBC6C580022173B /* Frameworks */ = {
			isa = PBXFrameworksBuildPhase;
			buildActionMask = 2147483647;
			files = (
			);
			runOnlyForDeploymentPostprocessing = 0;
		};
/* End PBXFrameworksBuildPhase section */

/* Begin PBXGroup section */
		501EA0D81CD2CEEB00942251 /* ViewController */ = {
			isa = PBXGroup;
			children = (
				503423AF1CC6F1B6002D4101 /* NewBillViewController.swift */,
				50E2D28A1CCFD6A300EA7559 /* TransactionsListViewController.swift */,
				502AB52F1CBC6C580022173B /* GroupViewController.swift */,
				501EA0DA1CD2CF3700942251 /* DetailTransactionViewController.swift */,
				504A29D71CD7FD1E00BF7720 /* AddUserViewController.swift */,
				504A29D91CD7FD5600BF7720 /* GetDataDelegate.swift */,
			);
			name = ViewController;
			sourceTree = "<group>";
		};
		501EA0D91CD2CF0B00942251 /* Model */ = {
			isa = PBXGroup;
			children = (
				50E2D28C1CCFDA3400EA7559 /* Transaction.swift */,
				50E2D2901CD00AE900EA7559 /* TransactionCell.swift */,
				50E2D28E1CCFE05F00EA7559 /* TransactionsStore.swift */,
				500877F11CD7924100C5F8A5 /* User.swift */,
				504A29D51CD7DD2F00BF7720 /* UserStore.swift */,
			);
			name = Model;
			sourceTree = "<group>";
		};
		502AB5211CBC6C580022173B = {
			isa = PBXGroup;
			children = (
				502AB52C1CBC6C580022173B /* Paymint */,
				502AB52B1CBC6C580022173B /* Products */,
			);
			sourceTree = "<group>";
		};
		502AB52B1CBC6C580022173B /* Products */ = {
			isa = PBXGroup;
			children = (
				502AB52A1CBC6C580022173B /* Paymint.app */,
			);
			name = Products;
			sourceTree = "<group>";
		};
		502AB52C1CBC6C580022173B /* Paymint */ = {
			isa = PBXGroup;
			children = (
				502AB52D1CBC6C580022173B /* AppDelegate.swift */,
				501EA0D81CD2CEEB00942251 /* ViewController */,
				502AB5311CBC6C580022173B /* Main.storyboard */,
				501EA0D91CD2CF0B00942251 /* Model */,
				502AB5341CBC6C580022173B /* Assets.xcassets */,
				502AB5361CBC6C580022173B /* LaunchScreen.storyboard */,
				502AB5391CBC6C580022173B /* Info.plist */,
			);
			path = Paymint;
			sourceTree = "<group>";
		};
/* End PBXGroup section */

/* Begin PBXNativeTarget section */
		502AB5291CBC6C580022173B /* Paymint */ = {
			isa = PBXNativeTarget;
			buildConfigurationList = 502AB53C1CBC6C580022173B /* Build configuration list for PBXNativeTarget "Paymint" */;
			buildPhases = (
				502AB5261CBC6C580022173B /* Sources */,
				502AB5271CBC6C580022173B /* Frameworks */,
				502AB5281CBC6C580022173B /* Resources */,
			);
			buildRules = (
			);
			dependencies = (
			);
			name = Paymint;
			productName = Paymint;
			productReference = 502AB52A1CBC6C580022173B /* Paymint.app */;
			productType = "com.apple.product-type.application";
		};
/* End PBXNativeTarget section */

/* Begin PBXProject section */
		502AB5221CBC6C580022173B /* Project object */ = {
			isa = PBXProject;
			attributes = {
				LastSwiftUpdateCheck = 0730;
				LastUpgradeCheck = 0730;
				ORGANIZATIONNAME = nyu.edu;
				TargetAttributes = {
					502AB5291CBC6C580022173B = {
						CreatedOnToolsVersion = 7.3;
					};
				};
			};
			buildConfigurationList = 502AB5251CBC6C580022173B /* Build configuration list for PBXProject "Paymint" */;
			compatibilityVersion = "Xcode 3.2";
			developmentRegion = English;
			hasScannedForEncodings = 0;
			knownRegions = (
				en,
				Base,
			);
			mainGroup = 502AB5211CBC6C580022173B;
			productRefGroup = 502AB52B1CBC6C580022173B /* Products */;
			projectDirPath = "";
			projectRoot = "";
			targets = (
				502AB5291CBC6C580022173B /* Paymint */,
			);
		};
/* End PBXProject section */

/* Begin PBXResourcesBuildPhase section */
		502AB5281CBC6C580022173B /* Resources */ = {
			isa = PBXResourcesBuildPhase;
			buildActionMask = 2147483647;
			files = (
				502AB5381CBC6C580022173B /* LaunchScreen.storyboard in Resources */,
				502AB5351CBC6C580022173B /* Assets.xcassets in Resources */,
				502AB5331CBC6C580022173B /* Main.storyboard in Resources */,
			);
			runOnlyForDeploymentPostprocessing = 0;
		};
/* End PBXResourcesBuildPhase section */

/* Begin PBXSourcesBuildPhase section */
		502AB5261CBC6C580022173B /* Sources */ = {
			isa = PBXSourcesBuildPhase;
			buildActionMask = 2147483647;
			files = (
				504A29D81CD7FD1F00BF7720 /* AddUserViewController.swift in Sources */,
				501EA0DB1CD2CF3800942251 /* DetailTransactionViewController.swift in Sources */,
				50E2D2911CD00AE900EA7559 /* TransactionCell.swift in Sources */,
				50E2D28D1CCFDA3400EA7559 /* Transaction.swift in Sources */,
				502AB5301CBC6C580022173B /* GroupViewController.swift in Sources */,
				504A29DA1CD7FD5600BF7720 /* GetDataDelegate.swift in Sources */,
				502AB52E1CBC6C580022173B /* AppDelegate.swift in Sources */,
				500877F21CD7924200C5F8A5 /* User.swift in Sources */,
				504A29D61CD7DD2F00BF7720 /* UserStore.swift in Sources */,
				503423B01CC6F1B6002D4101 /* NewBillViewController.swift in Sources */,
				50E2D28F1CCFE05F00EA7559 /* TransactionsStore.swift in Sources */,
				50E2D28B1CCFD6A300EA7559 /* TransactionsListViewController.swift in Sources */,
			);
			runOnlyForDeploymentPostprocessing = 0;
		};
/* End PBXSourcesBuildPhase section */

/* Begin PBXVariantGroup section */
		502AB5311CBC6C580022173B /* Main.storyboard */ = {
			isa = PBXVariantGroup;
			children = (
				502AB5321CBC6C580022173B /* Base */,
			);
			name = Main.storyboard;
			sourceTree = "<group>";
		};
		502AB5361CBC6C580022173B /* LaunchScreen.storyboard */ = {
			isa = PBXVariantGroup;
			children = (
				502AB5371CBC6C580022173B /* Base */,
			);
			name = LaunchScreen.storyboard;
			sourceTree = "<group>";
		};
/* End PBXVariantGroup section */

/* Begin XCBuildConfiguration section */
		502AB53A1CBC6C580022173B /* Debug */ = {
			isa = XCBuildConfiguration;
			buildSettings = {
				ALWAYS_SEARCH_USER_PATHS = NO;
				CLANG_ANALYZER_NONNULL = YES;
				CLANG_CXX_LANGUAGE_STANDARD = "gnu++0x";
				CLANG_CXX_LIBRARY = "libc++";
				CLANG_ENABLE_MODULES = YES;
				CLANG_ENABLE_OBJC_ARC = YES;
				CLANG_WARN_BOOL_CONVERSION = YES;
				CLANG_WARN_CONSTANT_CONVERSION = YES;
				CLANG_WARN_DIRECT_OBJC_ISA_USAGE = YES_ERROR;
				CLANG_WARN_EMPTY_BODY = YES;
				CLANG_WARN_ENUM_CONVERSION = YES;
				CLANG_WARN_INT_CONVERSION = YES;
				CLANG_WARN_OBJC_ROOT_CLASS = YES_ERROR;
				CLANG_WARN_UNREACHABLE_CODE = YES;
				CLANG_WARN__DUPLICATE_METHOD_MATCH = YES;
				"CODE_SIGN_IDENTITY[sdk=iphoneos*]" = "iPhone Developer";
				COPY_PHASE_STRIP = NO;
				DEBUG_INFORMATION_FORMAT = dwarf;
				ENABLE_STRICT_OBJC_MSGSEND = YES;
				ENABLE_TESTABILITY = YES;
				GCC_C_LANGUAGE_STANDARD = gnu99;
				GCC_DYNAMIC_NO_PIC = NO;
				GCC_NO_COMMON_BLOCKS = YES;
				GCC_OPTIMIZATION_LEVEL = 0;
				GCC_PREPROCESSOR_DEFINITIONS = (
					"DEBUG=1",
					"$(inherited)",
				);
				GCC_WARN_64_TO_32_BIT_CONVERSION = YES;
				GCC_WARN_ABOUT_RETURN_TYPE = YES_ERROR;
				GCC_WARN_UNDECLARED_SELECTOR = YES;
				GCC_WARN_UNINITIALIZED_AUTOS = YES_AGGRESSIVE;
				GCC_WARN_UNUSED_FUNCTION = YES;
				GCC_WARN_UNUSED_VARIABLE = YES;
				IPHONEOS_DEPLOYMENT_TARGET = 9.3;
				MTL_ENABLE_DEBUG_INFO = YES;
				ONLY_ACTIVE_ARCH = YES;
				SDKROOT = iphoneos;
				SWIFT_OPTIMIZATION_LEVEL = "-Onone";
			};
			name = Debug;
		};
		502AB53B1CBC6C580022173B /* Release */ = {
			isa = XCBuildConfiguration;
			buildSettings = {
				ALWAYS_SEARCH_USER_PATHS = NO;
				CLANG_ANALYZER_NONNULL = YES;
				CLANG_CXX_LANGUAGE_STANDARD = "gnu++0x";
				CLANG_CXX_LIBRARY = "libc++";
				CLANG_ENABLE_MODULES = YES;
				CLANG_ENABLE_OBJC_ARC = YES;
				CLANG_WARN_BOOL_CONVERSION = YES;
				CLANG_WARN_CONSTANT_CONVERSION = YES;
				CLANG_WARN_DIRECT_OBJC_ISA_USAGE = YES_ERROR;
				CLANG_WARN_EMPTY_BODY = YES;
				CLANG_WARN_ENUM_CONVERSION = YES;
				CLANG_WARN_INT_CONVERSION = YES;
				CLANG_WARN_OBJC_ROOT_CLASS = YES_ERROR;
				CLANG_WARN_UNREACHABLE_CODE = YES;
				CLANG_WARN__DUPLICATE_METHOD_MATCH = YES;
				"CODE_SIGN_IDENTITY[sdk=iphoneos*]" = "iPhone Developer";
				COPY_PHASE_STRIP = NO;
				DEBUG_INFORMATION_FORMAT = "dwarf-with-dsym";
				ENABLE_NS_ASSERTIONS = NO;
				ENABLE_STRICT_OBJC_MSGSEND = YES;
				GCC_C_LANGUAGE_STANDARD = gnu99;
				GCC_NO_COMMON_BLOCKS = YES;
				GCC_WARN_64_TO_32_BIT_CONVERSION = YES;
				GCC_WARN_ABOUT_RETURN_TYPE = YES_ERROR;
				GCC_WARN_UNDECLARED_SELECTOR = YES;
				GCC_WARN_UNINITIALIZED_AUTOS = YES_AGGRESSIVE;
				GCC_WARN_UNUSED_FUNCTION = YES;
				GCC_WARN_UNUSED_VARIABLE = YES;
				IPHONEOS_DEPLOYMENT_TARGET = 9.3;
				MTL_ENABLE_DEBUG_INFO = NO;
				SDKROOT = iphoneos;
				VALIDATE_PRODUCT = YES;
			};
			name = Release;
		};
		502AB53D1CBC6C580022173B /* Debug */ = {
			isa = XCBuildConfiguration;
			buildSettings = {
				ASSETCATALOG_COMPILER_APPICON_NAME = AppIcon;
				INFOPLIST_FILE = Paymint/Info.plist;
				LD_RUNPATH_SEARCH_PATHS = "$(inherited) @executable_path/Frameworks";
				PRODUCT_BUNDLE_IDENTIFIER = com.test.Paymint;
				PRODUCT_NAME = "$(TARGET_NAME)";
			};
			name = Debug;
		};
		502AB53E1CBC6C580022173B /* Release */ = {
			isa = XCBuildConfiguration;
			buildSettings = {
				ASSETCATALOG_COMPILER_APPICON_NAME = AppIcon;
				INFOPLIST_FILE = Paymint/Info.plist;
				LD_RUNPATH_SEARCH_PATHS = "$(inherited) @executable_path/Frameworks";
				PRODUCT_BUNDLE_IDENTIFIER = com.test.Paymint;
				PRODUCT_NAME = "$(TARGET_NAME)";
			};
			name = Release;
		};
/* End XCBuildConfiguration section */

/* Begin XCConfigurationList section */
		502AB5251CBC6C580022173B /* Build configuration list for PBXProject "Paymint" */ = {
			isa = XCConfigurationList;
			buildConfigurations = (
				502AB53A1CBC6C580022173B /* Debug */,
				502AB53B1CBC6C580022173B /* Release */,
			);
			defaultConfigurationIsVisible = 0;
			defaultConfigurationName = Release;
		};
		502AB53C1CBC6C580022173B /* Build configuration list for PBXNativeTarget "Paymint" */ = {
			isa = XCConfigurationList;
			buildConfigurations = (
				502AB53D1CBC6C580022173B /* Debug */,
				502AB53E1CBC6C580022173B /* Release */,
			);
			defaultConfigurationIsVisible = 0;
			defaultConfigurationName = Release;
		};
/* End XCConfigurationList section */
	};
	rootObject = 502AB5221CBC6C580022173B /* Project object */;
}
