// !$*UTF8*$!
{
	archiveVersion = 1;
	classes = {
	};
	objectVersion = 46;
	objects = {

/* Begin PBXBuildFile section */
		50F8CCC71C8269CF0022E1B2 /* AppDelegate.swift in Sources */ = {isa = PBXBuildFile; fileRef = 50F8CCC61C8269CF0022E1B2 /* AppDelegate.swift */; };
		50F8CCCC1C8269D00022E1B2 /* Main.storyboard in Resources */ = {isa = PBXBuildFile; fileRef = 50F8CCCA1C8269D00022E1B2 /* Main.storyboard */; };
		50F8CCCE1C8269D00022E1B2 /* Assets.xcassets in Resources */ = {isa = PBXBuildFile; fileRef = 50F8CCCD1C8269D00022E1B2 /* Assets.xcassets */; };
		50F8CCD11C8269D00022E1B2 /* LaunchScreen.storyboard in Resources */ = {isa = PBXBuildFile; fileRef = 50F8CCCF1C8269D00022E1B2 /* LaunchScreen.storyboard */; };
		50F8CCD91C826E8E0022E1B2 /* ItemsViewController.swift in Sources */ = {isa = PBXBuildFile; fileRef = 50F8CCD81C826E8E0022E1B2 /* ItemsViewController.swift */; };
		50F8CCDB1C8271F40022E1B2 /* Item.swift in Sources */ = {isa = PBXBuildFile; fileRef = 50F8CCDA1C8271F40022E1B2 /* Item.swift */; };
		50F8CCDD1C8288730022E1B2 /* ItemStore.swift in Sources */ = {isa = PBXBuildFile; fileRef = 50F8CCDC1C8288730022E1B2 /* ItemStore.swift */; };
/* End PBXBuildFile section */

/* Begin PBXFileReference section */
		50F8CCC31C8269CF0022E1B2 /* Homepwner.app */ = {isa = PBXFileReference; explicitFileType = wrapper.application; includeInIndex = 0; path = Homepwner.app; sourceTree = BUILT_PRODUCTS_DIR; };
		50F8CCC61C8269CF0022E1B2 /* AppDelegate.swift */ = {isa = PBXFileReference; lastKnownFileType = sourcecode.swift; path = AppDelegate.swift; sourceTree = "<group>"; };
		50F8CCCB1C8269D00022E1B2 /* Base */ = {isa = PBXFileReference; lastKnownFileType = file.storyboard; name = Base; path = Base.lproj/Main.storyboard; sourceTree = "<group>"; };
		50F8CCCD1C8269D00022E1B2 /* Assets.xcassets */ = {isa = PBXFileReference; lastKnownFileType = folder.assetcatalog; path = Assets.xcassets; sourceTree = "<group>"; };
		50F8CCD01C8269D00022E1B2 /* Base */ = {isa = PBXFileReference; lastKnownFileType = file.storyboard; name = Base; path = Base.lproj/LaunchScreen.storyboard; sourceTree = "<group>"; };
		50F8CCD21C8269D00022E1B2 /* Info.plist */ = {isa = PBXFileReference; lastKnownFileType = text.plist.xml; path = Info.plist; sourceTree = "<group>"; };
		50F8CCD81C826E8E0022E1B2 /* ItemsViewController.swift */ = {isa = PBXFileReference; fileEncoding = 4; lastKnownFileType = sourcecode.swift; path = ItemsViewController.swift; sourceTree = "<group>"; };
		50F8CCDA1C8271F40022E1B2 /* Item.swift */ = {isa = PBXFileReference; fileEncoding = 4; lastKnownFileType = sourcecode.swift; path = Item.swift; sourceTree = "<group>"; };
		50F8CCDC1C8288730022E1B2 /* ItemStore.swift */ = {isa = PBXFileReference; fileEncoding = 4; lastKnownFileType = sourcecode.swift; path = ItemStore.swift; sourceTree = "<group>"; };
/* End PBXFileReference section */

/* Begin PBXFrameworksBuildPhase section */
		50F8CCC01C8269CF0022E1B2 /* Frameworks */ = {
			isa = PBXFrameworksBuildPhase;
			buildActionMask = 2147483647;
			files = (
			);
			runOnlyForDeploymentPostprocessing = 0;
		};
/* End PBXFrameworksBuildPhase section */

/* Begin PBXGroup section */
		50F8CCBA1C8269CF0022E1B2 = {
			isa = PBXGroup;
			children = (
				50F8CCC51C8269CF0022E1B2 /* Homepwner */,
				50F8CCC41C8269CF0022E1B2 /* Products */,
			);
			sourceTree = "<group>";
		};
		50F8CCC41C8269CF0022E1B2 /* Products */ = {
			isa = PBXGroup;
			children = (
				50F8CCC31C8269CF0022E1B2 /* Homepwner.app */,
			);
			name = Products;
			sourceTree = "<group>";
		};
		50F8CCC51C8269CF0022E1B2 /* Homepwner */ = {
			isa = PBXGroup;
			children = (
				50F8CCC61C8269CF0022E1B2 /* AppDelegate.swift */,
				50F8CCD81C826E8E0022E1B2 /* ItemsViewController.swift */,
				50F8CCCA1C8269D00022E1B2 /* Main.storyboard */,
				50F8CCDA1C8271F40022E1B2 /* Item.swift */,
				50F8CCDC1C8288730022E1B2 /* ItemStore.swift */,
				50F8CCCD1C8269D00022E1B2 /* Assets.xcassets */,
				50F8CCCF1C8269D00022E1B2 /* LaunchScreen.storyboard */,
				50F8CCD21C8269D00022E1B2 /* Info.plist */,
			);
			path = Homepwner;
			sourceTree = "<group>";
		};
/* End PBXGroup section */

/* Begin PBXNativeTarget section */
		50F8CCC21C8269CF0022E1B2 /* Homepwner */ = {
			isa = PBXNativeTarget;
			buildConfigurationList = 50F8CCD51C8269D00022E1B2 /* Build configuration list for PBXNativeTarget "Homepwner" */;
			buildPhases = (
				50F8CCBF1C8269CF0022E1B2 /* Sources */,
				50F8CCC01C8269CF0022E1B2 /* Frameworks */,
				50F8CCC11C8269CF0022E1B2 /* Resources */,
			);
			buildRules = (
			);
			dependencies = (
			);
			name = Homepwner;
			productName = Homepwner;
			productReference = 50F8CCC31C8269CF0022E1B2 /* Homepwner.app */;
			productType = "com.apple.product-type.application";
		};
/* End PBXNativeTarget section */

/* Begin PBXProject section */
		50F8CCBB1C8269CF0022E1B2 /* Project object */ = {
			isa = PBXProject;
			attributes = {
				LastSwiftUpdateCheck = 0720;
				LastUpgradeCheck = 0720;
				ORGANIZATIONNAME = nyu.edu;
				TargetAttributes = {
					50F8CCC21C8269CF0022E1B2 = {
						CreatedOnToolsVersion = 7.2;
					};
				};
			};
			buildConfigurationList = 50F8CCBE1C8269CF0022E1B2 /* Build configuration list for PBXProject "Homepwner" */;
			compatibilityVersion = "Xcode 3.2";
			developmentRegion = English;
			hasScannedForEncodings = 0;
			knownRegions = (
				en,
				Base,
			);
			mainGroup = 50F8CCBA1C8269CF0022E1B2;
			productRefGroup = 50F8CCC41C8269CF0022E1B2 /* Products */;
			projectDirPath = "";
			projectRoot = "";
			targets = (
				50F8CCC21C8269CF0022E1B2 /* Homepwner */,
			);
		};
/* End PBXProject section */

/* Begin PBXResourcesBuildPhase section */
		50F8CCC11C8269CF0022E1B2 /* Resources */ = {
			isa = PBXResourcesBuildPhase;
			buildActionMask = 2147483647;
			files = (
				50F8CCD11C8269D00022E1B2 /* LaunchScreen.storyboard in Resources */,
				50F8CCCE1C8269D00022E1B2 /* Assets.xcassets in Resources */,
				50F8CCCC1C8269D00022E1B2 /* Main.storyboard in Resources */,
			);
			runOnlyForDeploymentPostprocessing = 0;
		};
/* End PBXResourcesBuildPhase section */

/* Begin PBXSourcesBuildPhase section */
		50F8CCBF1C8269CF0022E1B2 /* Sources */ = {
			isa = PBXSourcesBuildPhase;
			buildActionMask = 2147483647;
			files = (
				50F8CCD91C826E8E0022E1B2 /* ItemsViewController.swift in Sources */,
				50F8CCDB1C8271F40022E1B2 /* Item.swift in Sources */,
				50F8CCDD1C8288730022E1B2 /* ItemStore.swift in Sources */,
				50F8CCC71C8269CF0022E1B2 /* AppDelegate.swift in Sources */,
			);
			runOnlyForDeploymentPostprocessing = 0;
		};
/* End PBXSourcesBuildPhase section */

/* Begin PBXVariantGroup section */
		50F8CCCA1C8269D00022E1B2 /* Main.storyboard */ = {
			isa = PBXVariantGroup;
			children = (
				50F8CCCB1C8269D00022E1B2 /* Base */,
			);
			name = Main.storyboard;
			sourceTree = "<group>";
		};
		50F8CCCF1C8269D00022E1B2 /* LaunchScreen.storyboard */ = {
			isa = PBXVariantGroup;
			children = (
				50F8CCD01C8269D00022E1B2 /* Base */,
			);
			name = LaunchScreen.storyboard;
			sourceTree = "<group>";
		};
/* End PBXVariantGroup section */

/* Begin XCBuildConfiguration section */
		50F8CCD31C8269D00022E1B2 /* Debug */ = {
			isa = XCBuildConfiguration;
			buildSettings = {
				ALWAYS_SEARCH_USER_PATHS = NO;
				CLANG_CXX_LANGUAGE_STANDARD = "gnu++0x";
				CLANG_CXX_LIBRARY = "libc++";
				CLANG_ENABLE_MODULES = YES;
				CLANG_ENABLE_OBJC_ARC = YES;
				CLANG_WARN_BOOL_CONVERSION = YES;
				CLANG_WARN_CONSTANT_CONVERSION = YES;
				CLANG_WARN_DIRECT_OBJC_ISA_USAGE = YES_ERROR;
				CLANG_WARN_EMPTY_BODY = YES;
				CLANG_WARN_ENUM_CONVERSION = YES;
				CLANG_WARN_INT_CONVERSION = YES;
				CLANG_WARN_OBJC_ROOT_CLASS = YES_ERROR;
				CLANG_WARN_UNREACHABLE_CODE = YES;
				CLANG_WARN__DUPLICATE_METHOD_MATCH = YES;
				"CODE_SIGN_IDENTITY[sdk=iphoneos*]" = "iPhone Developer";
				COPY_PHASE_STRIP = NO;
				DEBUG_INFORMATION_FORMAT = dwarf;
				ENABLE_STRICT_OBJC_MSGSEND = YES;
				ENABLE_TESTABILITY = YES;
				GCC_C_LANGUAGE_STANDARD = gnu99;
				GCC_DYNAMIC_NO_PIC = NO;
				GCC_NO_COMMON_BLOCKS = YES;
				GCC_OPTIMIZATION_LEVEL = 0;
				GCC_PREPROCESSOR_DEFINITIONS = (
					"DEBUG=1",
					"$(inherited)",
				);
				GCC_WARN_64_TO_32_BIT_CONVERSION = YES;
				GCC_WARN_ABOUT_RETURN_TYPE = YES_ERROR;
				GCC_WARN_UNDECLARED_SELECTOR = YES;
				GCC_WARN_UNINITIALIZED_AUTOS = YES_AGGRESSIVE;
				GCC_WARN_UNUSED_FUNCTION = YES;
				GCC_WARN_UNUSED_VARIABLE = YES;
				IPHONEOS_DEPLOYMENT_TARGET = 9.2;
				MTL_ENABLE_DEBUG_INFO = YES;
				ONLY_ACTIVE_ARCH = YES;
				SDKROOT = iphoneos;
				SWIFT_OPTIMIZATION_LEVEL = "-Onone";
			};
			name = Debug;
		};
		50F8CCD41C8269D00022E1B2 /* Release */ = {
			isa = XCBuildConfiguration;
			buildSettings = {
				ALWAYS_SEARCH_USER_PATHS = NO;
				CLANG_CXX_LANGUAGE_STANDARD = "gnu++0x";
				CLANG_CXX_LIBRARY = "libc++";
				CLANG_ENABLE_MODULES = YES;
				CLANG_ENABLE_OBJC_ARC = YES;
				CLANG_WARN_BOOL_CONVERSION = YES;
				CLANG_WARN_CONSTANT_CONVERSION = YES;
				CLANG_WARN_DIRECT_OBJC_ISA_USAGE = YES_ERROR;
				CLANG_WARN_EMPTY_BODY = YES;
				CLANG_WARN_ENUM_CONVERSION = YES;
				CLANG_WARN_INT_CONVERSION = YES;
				CLANG_WARN_OBJC_ROOT_CLASS = YES_ERROR;
				CLANG_WARN_UNREACHABLE_CODE = YES;
				CLANG_WARN__DUPLICATE_METHOD_MATCH = YES;
				"CODE_SIGN_IDENTITY[sdk=iphoneos*]" = "iPhone Developer";
				COPY_PHASE_STRIP = NO;
				DEBUG_INFORMATION_FORMAT = "dwarf-with-dsym";
				ENABLE_NS_ASSERTIONS = NO;
				ENABLE_STRICT_OBJC_MSGSEND = YES;
				GCC_C_LANGUAGE_STANDARD = gnu99;
				GCC_NO_COMMON_BLOCKS = YES;
				GCC_WARN_64_TO_32_BIT_CONVERSION = YES;
				GCC_WARN_ABOUT_RETURN_TYPE = YES_ERROR;
				GCC_WARN_UNDECLARED_SELECTOR = YES;
				GCC_WARN_UNINITIALIZED_AUTOS = YES_AGGRESSIVE;
				GCC_WARN_UNUSED_FUNCTION = YES;
				GCC_WARN_UNUSED_VARIABLE = YES;
				IPHONEOS_DEPLOYMENT_TARGET = 9.2;
				MTL_ENABLE_DEBUG_INFO = NO;
				SDKROOT = iphoneos;
				VALIDATE_PRODUCT = YES;
			};
			name = Release;
		};
		50F8CCD61C8269D00022E1B2 /* Debug */ = {
			isa = XCBuildConfiguration;
			buildSettings = {
				ASSETCATALOG_COMPILER_APPICON_NAME = AppIcon;
				INFOPLIST_FILE = Homepwner/Info.plist;
				LD_RUNPATH_SEARCH_PATHS = "$(inherited) @executable_path/Frameworks";
				PRODUCT_BUNDLE_IDENTIFIER = com.test.Homepwner;
				PRODUCT_NAME = "$(TARGET_NAME)";
			};
			name = Debug;
		};
		50F8CCD71C8269D00022E1B2 /* Release */ = {
			isa = XCBuildConfiguration;
			buildSettings = {
				ASSETCATALOG_COMPILER_APPICON_NAME = AppIcon;
				INFOPLIST_FILE = Homepwner/Info.plist;
				LD_RUNPATH_SEARCH_PATHS = "$(inherited) @executable_path/Frameworks";
				PRODUCT_BUNDLE_IDENTIFIER = com.test.Homepwner;
				PRODUCT_NAME = "$(TARGET_NAME)";
			};
			name = Release;
		};
/* End XCBuildConfiguration section */

/* Begin XCConfigurationList section */
		50F8CCBE1C8269CF0022E1B2 /* Build configuration list for PBXProject "Homepwner" */ = {
			isa = XCConfigurationList;
			buildConfigurations = (
				50F8CCD31C8269D00022E1B2 /* Debug */,
				50F8CCD41C8269D00022E1B2 /* Release */,
			);
			defaultConfigurationIsVisible = 0;
			defaultConfigurationName = Release;
		};
		50F8CCD51C8269D00022E1B2 /* Build configuration list for PBXNativeTarget "Homepwner" */ = {
			isa = XCConfigurationList;
			buildConfigurations = (
				50F8CCD61C8269D00022E1B2 /* Debug */,
				50F8CCD71C8269D00022E1B2 /* Release */,
			);
			defaultConfigurationIsVisible = 0;
		};
/* End XCConfigurationList section */
	};
	rootObject = 50F8CCBB1C8269CF0022E1B2 /* Project object */;
}
